{
  "name": "meto",
  "lockfileVersion": 3,
  "requires": true,
  "packages": {
    "": {
      "dependencies": {
        "alpinejs": "^3.12.1",
        "tom-select": "^2.2.2"
      }
    },
    "node_modules/@orchidjs/sifter": {
      "version": "1.0.3",
      "resolved": "https://registry.npmjs.org/@orchidjs/sifter/-/sifter-1.0.3.tgz",
      "integrity": "sha512-zCZbwKegHytfsPm8Amcfh7v/4vHqTAaOu6xFswBYcn8nznBOuseu6COB2ON7ez0tFV0mKL0nRNnCiZZA+lU9/g==",
      "dependencies": {
        "@orchidjs/unicode-variants": "^1.0.4"
      }
    },
    "node_modules/@orchidjs/unicode-variants": {
      "version": "1.0.4",
      "resolved": "https://registry.npmjs.org/@orchidjs/unicode-variants/-/unicode-variants-1.0.4.tgz",
      "integrity": "sha512-NvVBRnZNE+dugiXERFsET1JlKZfM5lJDEpSMilKW4bToYJ7pxf0Zne78xyXB2ny2c2aHfJ6WLnz1AaTNHAmQeQ=="
    },
    "node_modules/@vue/reactivity": {
      "version": "3.1.5",
      "resolved": "https://registry.npmjs.org/@vue/reactivity/-/reactivity-3.1.5.tgz",
      "integrity": "sha512-1tdfLmNjWG6t/CsPldh+foumYFo3cpyCHgBYQ34ylaMsJ+SNHQ1kApMIa8jN+i593zQuaw3AdWH0nJTARzCFhg==",
      "dependencies": {
        "@vue/shared": "3.1.5"
      }
    },
    "node_modules/@vue/shared": {
      "version": "3.1.5",
      "resolved": "https://registry.npmjs.org/@vue/shared/-/shared-3.1.5.tgz",
      "integrity": "sha512-oJ4F3TnvpXaQwZJNF3ZK+kLPHKarDmJjJ6jyzVNDKH9md1dptjC7lWR//jrGuLdek/U6iltWxqAnYOu8gCiOvA=="
    },
    "node_modules/alpinejs": {
      "version": "3.12.1",
      "resolved": "https://registry.npmjs.org/alpinejs/-/alpinejs-3.12.1.tgz",
      "integrity": "sha512-GjEmZscHuCPv/XRbzabQLFH3I1+M3TbZqEsLDuYai/Yw+pE1IL7DK4ejRfqBSaysi4wWZ1k5IqVG2aefhWWqsQ==",
      "dependencies": {
        "@vue/reactivity": "~3.1.1"
      }
    },
    "node_modules/tom-select": {
      "version": "2.2.2",
      "resolved": "https://registry.npmjs.org/tom-select/-/tom-select-2.2.2.tgz",
      "integrity": "sha512-igGah1yY6yhrnN2h/Ky8I5muw/nE/YQxIsEZoYu5qaA4bsRibvKto3s8QZZosKpOd0uO8fNYhRfAwgHB4IAYew==",
      "dependencies": {
        "@orchidjs/sifter": "^1.0.3",
        "@orchidjs/unicode-variants": "^1.0.4"
      },
      "engines": {
        "node": "*"
      },
      "funding": {
        "type": "opencollective",
        "url": "https://opencollective.com/tom-select"
      }
    }
  }
}
